
Microsoft Visual Studio Solution File, Format Version 12.00
# Visual Studio Version 17
VisualStudioVersion = 17.7.34221.43
MinimumVisualStudioVersion = 10.0.40219.1
Project("{8BC9CEB8-8B4A-11D0-8D11-00A0C91BC942}") = "OOP - Urok3", "OOP - Urok3\OOP - Urok3.vcxproj", "{C600D900-B010-42EF-8045-6EB20E5CFBBF}"
EndProject
Global
	GlobalSection(SolutionConfigurationPlatforms) = preSolution
		Debug|x64 = Debug|x64
		Debug|x86 = Debug|x86
		Release|x64 = Release|x64
		Release|x86 = Release|x86
	EndGlobalSection
	GlobalSection(ProjectConfigurationPlatforms) = postSolution
		{C600D900-B010-42EF-8045-6EB20E5CFBBF}.Debug|x64.ActiveCfg = Debug|x64
		{C600D900-B010-42EF-8045-6EB20E5CFBBF}.Debug|x64.Build.0 = Debug|x64
		{C600D900-B010-42EF-8045-6EB20E5CFBBF}.Debug|x86.ActiveCfg = Debug|Win32
		{C600D900-B010-42EF-8045-6EB20E5CFBBF}.Debug|x86.Build.0 = Debug|Win32
		{C600D900-B010-42EF-8045-6EB20E5CFBBF}.Release|x64.ActiveCfg = Release|x64
		{C600D900-B010-42EF-8045-6EB20E5CFBBF}.Release|x64.Build.0 = Release|x64
		{C600D900-B010-42EF-8045-6EB20E5CFBBF}.Release|x86.ActiveCfg = Release|Win32
		{C600D900-B010-42EF-8045-6EB20E5CFBBF}.Release|x86.Build.0 = Release|Win32
	EndGlobalSection
	GlobalSection(SolutionProperties) = preSolution
		HideSolutionNode = FALSE
	EndGlobalSection
	GlobalSection(ExtensibilityGlobals) = postSolution
		SolutionGuid = {4B02A85E-717A-40A9-B26F-A0548F6AA257}
	EndGlobalSection
EndGlobal
